
Microsoft Visual Studio Solution File, Format Version 12.00
# Visual Studio 2013
VisualStudioVersion = 12.0.30723.0
MinimumVisualStudioVersion = 10.0.40219.1
Project("{FAE04EC0-301F-11D3-BF4B-00C04F79EFBC}") = "PrimeiraAppMVC", "PrimeiraAppMVC\PrimeiraAppMVC.csproj", "{566A94F8-CCB1-4CAA-8610-16397AA9683B}"
EndProject
Project("{FAE04EC0-301F-11D3-BF4B-00C04F79EFBC}") = "PrimeiraAppMVC.Tests", "PrimeiraAppMVC.Tests\PrimeiraAppMVC.Tests.csproj", "{B61B65C1-C7D7-4072-8F04-E6C3A0F21493}"
EndProject
Global
	GlobalSection(SolutionConfigurationPlatforms) = preSolution
		Debug|Any CPU = Debug|Any CPU
		Release|Any CPU = Release|Any CPU
	EndGlobalSection
	GlobalSection(ProjectConfigurationPlatforms) = postSolution
		{566A94F8-CCB1-4CAA-8610-16397AA9683B}.Debug|Any CPU.ActiveCfg = Debug|Any CPU
		{566A94F8-CCB1-4CAA-8610-16397AA9683B}.Debug|Any CPU.Build.0 = Debug|Any CPU
		{566A94F8-CCB1-4CAA-8610-16397AA9683B}.Release|Any CPU.ActiveCfg = Release|Any CPU
		{566A94F8-CCB1-4CAA-8610-16397AA9683B}.Release|Any CPU.Build.0 = Release|Any CPU
		{B61B65C1-C7D7-4072-8F04-E6C3A0F21493}.Debug|Any CPU.ActiveCfg = Debug|Any CPU
		{B61B65C1-C7D7-4072-8F04-E6C3A0F21493}.Debug|Any CPU.Build.0 = Debug|Any CPU
		{B61B65C1-C7D7-4072-8F04-E6C3A0F21493}.Release|Any CPU.ActiveCfg = Release|Any CPU
		{B61B65C1-C7D7-4072-8F04-E6C3A0F21493}.Release|Any CPU.Build.0 = Release|Any CPU
	EndGlobalSection
	GlobalSection(SolutionProperties) = preSolution
		HideSolutionNode = FALSE
	EndGlobalSection
EndGlobal
